
Microsoft Visual Studio Solution File, Format Version 12.00
# Visual Studio Version 17
VisualStudioVersion = 17.8.34322.80
MinimumVisualStudioVersion = 10.0.40219.1
Project("{FAE04EC0-301F-11D3-BF4B-00C04F79EFBC}") = "Income", "Income\Income.csproj", "{1483C31E-0A6B-42E7-976B-DA3A37E6C5E6}"
EndProject
Global
	GlobalSection(SolutionConfigurationPlatforms) = preSolution
		Debug|Any CPU = Debug|Any CPU
		Release|Any CPU = Release|Any CPU
	EndGlobalSection
	GlobalSection(ProjectConfigurationPlatforms) = postSolution
		{1483C31E-0A6B-42E7-976B-DA3A37E6C5E6}.Debug|Any CPU.ActiveCfg = Debug|Any CPU
		{1483C31E-0A6B-42E7-976B-DA3A37E6C5E6}.Debug|Any CPU.Build.0 = Debug|Any CPU
		{1483C31E-0A6B-42E7-976B-DA3A37E6C5E6}.Release|Any CPU.ActiveCfg = Release|Any CPU
		{1483C31E-0A6B-42E7-976B-DA3A37E6C5E6}.Release|Any CPU.Build.0 = Release|Any CPU
	EndGlobalSection
	GlobalSection(SolutionProperties) = preSolution
		HideSolutionNode = FALSE
	EndGlobalSection
	GlobalSection(ExtensibilityGlobals) = postSolution
		SolutionGuid = {9FE74A42-3F00-42E3-942D-4B8742C7B752}
	EndGlobalSection
EndGlobal
